
Microsoft Visual Studio Solution File, Format Version 12.00
# Visual Studio Version 16
VisualStudioVersion = 16.0.31613.86
MinimumVisualStudioVersion = 10.0.40219.1
Project("{FAE04EC0-301F-11D3-BF4B-00C04F79EFBC}") = "Homework51_ImageSharePassword.Web", "Homework51_ImageSharePassword.Web\Homework51_ImageSharePassword.Web.csproj", "{F316ECBC-465F-4F6C-BAF2-E092BF51C4A4}"
EndProject
Project("{FAE04EC0-301F-11D3-BF4B-00C04F79EFBC}") = "Homework51_ImageSharePassword.Data", "Homework51_ImageSharePassword.Data\Homework51_ImageSharePassword.Data.csproj", "{D619BCB9-86E4-4230-8D92-695CEE3998FC}"
EndProject
Global
	GlobalSection(SolutionConfigurationPlatforms) = preSolution
		Debug|Any CPU = Debug|Any CPU
		Release|Any CPU = Release|Any CPU
	EndGlobalSection
	GlobalSection(ProjectConfigurationPlatforms) = postSolution
		{F316ECBC-465F-4F6C-BAF2-E092BF51C4A4}.Debug|Any CPU.ActiveCfg = Debug|Any CPU
		{F316ECBC-465F-4F6C-BAF2-E092BF51C4A4}.Debug|Any CPU.Build.0 = Debug|Any CPU
		{F316ECBC-465F-4F6C-BAF2-E092BF51C4A4}.Release|Any CPU.ActiveCfg = Release|Any CPU
		{F316ECBC-465F-4F6C-BAF2-E092BF51C4A4}.Release|Any CPU.Build.0 = Release|Any CPU
		{D619BCB9-86E4-4230-8D92-695CEE3998FC}.Debug|Any CPU.ActiveCfg = Debug|Any CPU
		{D619BCB9-86E4-4230-8D92-695CEE3998FC}.Debug|Any CPU.Build.0 = Debug|Any CPU
		{D619BCB9-86E4-4230-8D92-695CEE3998FC}.Release|Any CPU.ActiveCfg = Release|Any CPU
		{D619BCB9-86E4-4230-8D92-695CEE3998FC}.Release|Any CPU.Build.0 = Release|Any CPU
	EndGlobalSection
	GlobalSection(SolutionProperties) = preSolution
		HideSolutionNode = FALSE
	EndGlobalSection
	GlobalSection(ExtensibilityGlobals) = postSolution
		SolutionGuid = {E8318B74-333B-4661-8754-FAE138AA5203}
	EndGlobalSection
EndGlobal
